
Microsoft Visual Studio Solution File, Format Version 12.00
# Visual Studio Version 16
VisualStudioVersion = 16.0.30517.126
MinimumVisualStudioVersion = 10.0.40219.1
Project("{FAE04EC0-301F-11D3-BF4B-00C04F79EFBC}") = "GhostModeLauncher", "GhostModeLauncher.csproj", "{9E75FB54-2529-44E7-AD74-89692F8CB9E3}"
EndProject
Global
	GlobalSection(SolutionConfigurationPlatforms) = preSolution
		Debug|Any CPU = Debug|Any CPU
		Debug|x86 = Debug|x86
		Release|Any CPU = Release|Any CPU
		Release|x86 = Release|x86
	EndGlobalSection
	GlobalSection(ProjectConfigurationPlatforms) = postSolution
		{9E75FB54-2529-44E7-AD74-89692F8CB9E3}.Debug|Any CPU.ActiveCfg = Debug|Any CPU
		{9E75FB54-2529-44E7-AD74-89692F8CB9E3}.Debug|Any CPU.Build.0 = Debug|Any CPU
		{9E75FB54-2529-44E7-AD74-89692F8CB9E3}.Debug|x86.ActiveCfg = Debug|Any CPU
		{9E75FB54-2529-44E7-AD74-89692F8CB9E3}.Release|Any CPU.ActiveCfg = Release|Any CPU
		{9E75FB54-2529-44E7-AD74-89692F8CB9E3}.Release|Any CPU.Build.0 = Release|Any CPU
		{9E75FB54-2529-44E7-AD74-89692F8CB9E3}.Release|x86.ActiveCfg = Release|Any CPU
	EndGlobalSection
	GlobalSection(SolutionProperties) = preSolution
		HideSolutionNode = FALSE
	EndGlobalSection
	GlobalSection(ExtensibilityGlobals) = postSolution
		SolutionGuid = {6D1CE541-EBB8-4E48-8A61-9AE850C25D6B}
	EndGlobalSection
EndGlobal
